
Microsoft Visual Studio Solution File, Format Version 12.00
Project("{FAE04EC0-301F-11D3-BF4B-00C04F79EFBC}") = "DSAHW3CS", "DSAHW3CS\DSAHW3CS.csproj", "{69E7C826-07B9-47FB-BE13-11A9A7442BAF}"
EndProject
Global
	GlobalSection(SolutionConfigurationPlatforms) = preSolution
		Debug|Any CPU = Debug|Any CPU
		Release|Any CPU = Release|Any CPU
	EndGlobalSection
	GlobalSection(ProjectConfigurationPlatforms) = postSolution
		{69E7C826-07B9-47FB-BE13-11A9A7442BAF}.Debug|Any CPU.ActiveCfg = Debug|Any CPU
		{69E7C826-07B9-47FB-BE13-11A9A7442BAF}.Debug|Any CPU.Build.0 = Debug|Any CPU
		{69E7C826-07B9-47FB-BE13-11A9A7442BAF}.Release|Any CPU.ActiveCfg = Release|Any CPU
		{69E7C826-07B9-47FB-BE13-11A9A7442BAF}.Release|Any CPU.Build.0 = Release|Any CPU
	EndGlobalSection
EndGlobal
